// !$*UTF8*$!
{
	archiveVersion = 1;
	classes = {
	};
	objectVersion = 56;
	objects = {

/* Begin PBXBuildFile section */
		392576B2293645BB0037563A /* AppDelegate.swift in Sources */ = {isa = PBXBuildFile; fileRef = 392576B1293645BB0037563A /* AppDelegate.swift */; };
		392576B4293645BB0037563A /* SceneDelegate.swift in Sources */ = {isa = PBXBuildFile; fileRef = 392576B3293645BB0037563A /* SceneDelegate.swift */; };
		392576B6293645BB0037563A /* ViewController.swift in Sources */ = {isa = PBXBuildFile; fileRef = 392576B5293645BB0037563A /* ViewController.swift */; };
		392576BB293645C20037563A /* Assets.xcassets in Resources */ = {isa = PBXBuildFile; fileRef = 392576BA293645C20037563A /* Assets.xcassets */; };
		392576BE293645C20037563A /* LaunchScreen.storyboard in Resources */ = {isa = PBXBuildFile; fileRef = 392576BC293645C20037563A /* LaunchScreen.storyboard */; };
		392576E4293662A60037563A /* BarChartMockData.json in Resources */ = {isa = PBXBuildFile; fileRef = 392576D9293662A60037563A /* BarChartMockData.json */; };
		392576E5293662A60037563A /* BarChartMock.swift in Sources */ = {isa = PBXBuildFile; fileRef = 392576DA293662A60037563A /* BarChartMock.swift */; };
		392576E6293662A60037563A /* BarChart.swift in Sources */ = {isa = PBXBuildFile; fileRef = 392576DC293662A60037563A /* BarChart.swift */; };
		392576E7293662A60037563A /* BarChartView.swift in Sources */ = {isa = PBXBuildFile; fileRef = 392576DE293662A60037563A /* BarChartView.swift */; };
		392576E8293662A60037563A /* ChartFactory.swift in Sources */ = {isa = PBXBuildFile; fileRef = 392576E0293662A60037563A /* ChartFactory.swift */; };
		392576E9293662A60037563A /* Color.swift in Sources */ = {isa = PBXBuildFile; fileRef = 392576E2293662A60037563A /* Color.swift */; };
		392576EA293662A60037563A /* SceneDelegate.swift in Sources */ = {isa = PBXBuildFile; fileRef = 392576E3293662A60037563A /* SceneDelegate.swift */; };
/* End PBXBuildFile section */

/* Begin PBXFileReference section */
		392576AE293645BB0037563A /* SberBarChartTest.app */ = {isa = PBXFileReference; explicitFileType = wrapper.application; includeInIndex = 0; path = SberBarChartTest.app; sourceTree = BUILT_PRODUCTS_DIR; };
		392576B1293645BB0037563A /* AppDelegate.swift */ = {isa = PBXFileReference; lastKnownFileType = sourcecode.swift; path = AppDelegate.swift; sourceTree = "<group>"; };
		392576B3293645BB0037563A /* SceneDelegate.swift */ = {isa = PBXFileReference; lastKnownFileType = sourcecode.swift; path = SceneDelegate.swift; sourceTree = "<group>"; };
		392576B5293645BB0037563A /* ViewController.swift */ = {isa = PBXFileReference; lastKnownFileType = sourcecode.swift; path = ViewController.swift; sourceTree = "<group>"; };
		392576BA293645C20037563A /* Assets.xcassets */ = {isa = PBXFileReference; lastKnownFileType = folder.assetcatalog; path = Assets.xcassets; sourceTree = "<group>"; };
		392576BD293645C20037563A /* Base */ = {isa = PBXFileReference; lastKnownFileType = file.storyboard; name = Base; path = Base.lproj/LaunchScreen.storyboard; sourceTree = "<group>"; };
		392576BF293645C20037563A /* Info.plist */ = {isa = PBXFileReference; lastKnownFileType = text.plist.xml; path = Info.plist; sourceTree = "<group>"; };
		392576D9293662A60037563A /* BarChartMockData.json */ = {isa = PBXFileReference; fileEncoding = 4; lastKnownFileType = text.json; path = BarChartMockData.json; sourceTree = "<group>"; };
		392576DA293662A60037563A /* BarChartMock.swift */ = {isa = PBXFileReference; fileEncoding = 4; lastKnownFileType = sourcecode.swift; path = BarChartMock.swift; sourceTree = "<group>"; };
		392576DC293662A60037563A /* BarChart.swift */ = {isa = PBXFileReference; fileEncoding = 4; lastKnownFileType = sourcecode.swift; path = BarChart.swift; sourceTree = "<group>"; };
		392576DE293662A60037563A /* BarChartView.swift */ = {isa = PBXFileReference; fileEncoding = 4; lastKnownFileType = sourcecode.swift; path = BarChartView.swift; sourceTree = "<group>"; };
		392576E0293662A60037563A /* ChartFactory.swift */ = {isa = PBXFileReference; fileEncoding = 4; lastKnownFileType = sourcecode.swift; path = ChartFactory.swift; sourceTree = "<group>"; };
		392576E2293662A60037563A /* Color.swift */ = {isa = PBXFileReference; fileEncoding = 4; lastKnownFileType = sourcecode.swift; path = Color.swift; sourceTree = "<group>"; };
		392576E3293662A60037563A /* SceneDelegate.swift */ = {isa = PBXFileReference; fileEncoding = 4; lastKnownFileType = sourcecode.swift; path = SceneDelegate.swift; sourceTree = "<group>"; };
/* End PBXFileReference section */

/* Begin PBXFrameworksBuildPhase section */
		392576AB293645BB0037563A /* Frameworks */ = {
			isa = PBXFrameworksBuildPhase;
			buildActionMask = 2147483647;
			files = (
			);
			runOnlyForDeploymentPostprocessing = 0;
		};
/* End PBXFrameworksBuildPhase section */

/* Begin PBXGroup section */
		392576A5293645BB0037563A = {
			isa = PBXGroup;
			children = (
				392576B0293645BB0037563A /* SberBarChartTest */,
				392576AF293645BB0037563A /* Products */,
			);
			sourceTree = "<group>";
		};
		392576AF293645BB0037563A /* Products */ = {
			isa = PBXGroup;
			children = (
				392576AE293645BB0037563A /* SberBarChartTest.app */,
			);
			name = Products;
			sourceTree = "<group>";
		};
		392576B0293645BB0037563A /* SberBarChartTest */ = {
			isa = PBXGroup;
			children = (
				392576B1293645BB0037563A /* AppDelegate.swift */,
				392576B3293645BB0037563A /* SceneDelegate.swift */,
				392576D7293662A60037563A /* BarChart */,
				392576E1293662A60037563A /* Extensions */,
				392576E3293662A60037563A /* SceneDelegate.swift */,
				392576B5293645BB0037563A /* ViewController.swift */,
				392576BA293645C20037563A /* Assets.xcassets */,
				392576BC293645C20037563A /* LaunchScreen.storyboard */,
				392576BF293645C20037563A /* Info.plist */,
			);
			path = SberBarChartTest;
			sourceTree = "<group>";
		};
		392576D7293662A60037563A /* BarChart */ = {
			isa = PBXGroup;
			children = (
				392576D8293662A60037563A /* Mock */,
				392576DB293662A60037563A /* Model */,
				392576DD293662A60037563A /* View */,
				392576DF293662A60037563A /* ViewController */,
			);
			path = BarChart;
			sourceTree = "<group>";
		};
		392576D8293662A60037563A /* Mock */ = {
			isa = PBXGroup;
			children = (
				392576D9293662A60037563A /* BarChartMockData.json */,
				392576DA293662A60037563A /* BarChartMock.swift */,
			);
			path = Mock;
			sourceTree = "<group>";
		};
		392576DB293662A60037563A /* Model */ = {
			isa = PBXGroup;
			children = (
				392576DC293662A60037563A /* BarChart.swift */,
			);
			path = Model;
			sourceTree = "<group>";
		};
		392576DD293662A60037563A /* View */ = {
			isa = PBXGroup;
			children = (
				392576DE293662A60037563A /* BarChartView.swift */,
			);
			path = View;
			sourceTree = "<group>";
		};
		392576DF293662A60037563A /* ViewController */ = {
			isa = PBXGroup;
			children = (
				392576E0293662A60037563A /* ChartFactory.swift */,
			);
			path = ViewController;
			sourceTree = "<group>";
		};
		392576E1293662A60037563A /* Extensions */ = {
			isa = PBXGroup;
			children = (
				392576E2293662A60037563A /* Color.swift */,
			);
			path = Extensions;
			sourceTree = "<group>";
		};
/* End PBXGroup section */

/* Begin PBXNativeTarget section */
		392576AD293645BB0037563A /* SberBarChartTest */ = {
			isa = PBXNativeTarget;
			buildConfigurationList = 392576C2293645C20037563A /* Build configuration list for PBXNativeTarget "SberBarChartTest" */;
			buildPhases = (
				392576AA293645BB0037563A /* Sources */,
				392576AB293645BB0037563A /* Frameworks */,
				392576AC293645BB0037563A /* Resources */,
			);
			buildRules = (
			);
			dependencies = (
			);
			name = SberBarChartTest;
			productName = SberBarChartTest;
			productReference = 392576AE293645BB0037563A /* SberBarChartTest.app */;
			productType = "com.apple.product-type.application";
		};
/* End PBXNativeTarget section */

/* Begin PBXProject section */
		392576A6293645BB0037563A /* Project object */ = {
			isa = PBXProject;
			attributes = {
				BuildIndependentTargetsInParallel = 1;
				LastSwiftUpdateCheck = 1410;
				LastUpgradeCheck = 1410;
				TargetAttributes = {
					392576AD293645BB0037563A = {
						CreatedOnToolsVersion = 14.1;
					};
				};
			};
			buildConfigurationList = 392576A9293645BB0037563A /* Build configuration list for PBXProject "SberBarChartTest" */;
			compatibilityVersion = "Xcode 14.0";
			developmentRegion = en;
			hasScannedForEncodings = 0;
			knownRegions = (
				en,
				Base,
			);
			mainGroup = 392576A5293645BB0037563A;
			productRefGroup = 392576AF293645BB0037563A /* Products */;
			projectDirPath = "";
			projectRoot = "";
			targets = (
				392576AD293645BB0037563A /* SberBarChartTest */,
			);
		};
/* End PBXProject section */

/* Begin PBXResourcesBuildPhase section */
		392576AC293645BB0037563A /* Resources */ = {
			isa = PBXResourcesBuildPhase;
			buildActionMask = 2147483647;
			files = (
				392576E4293662A60037563A /* BarChartMockData.json in Resources */,
				392576BE293645C20037563A /* LaunchScreen.storyboard in Resources */,
				392576BB293645C20037563A /* Assets.xcassets in Resources */,
			);
			runOnlyForDeploymentPostprocessing = 0;
		};
/* End PBXResourcesBuildPhase section */

/* Begin PBXSourcesBuildPhase section */
		392576AA293645BB0037563A /* Sources */ = {
			isa = PBXSourcesBuildPhase;
			buildActionMask = 2147483647;
			files = (
				392576B6293645BB0037563A /* ViewController.swift in Sources */,
				392576B2293645BB0037563A /* AppDelegate.swift in Sources */,
				392576EA293662A60037563A /* SceneDelegate.swift in Sources */,
				392576E5293662A60037563A /* BarChartMock.swift in Sources */,
				392576E8293662A60037563A /* ChartFactory.swift in Sources */,
				392576E6293662A60037563A /* BarChart.swift in Sources */,
				392576E9293662A60037563A /* Color.swift in Sources */,
				392576B4293645BB0037563A /* SceneDelegate.swift in Sources */,
				392576E7293662A60037563A /* BarChartView.swift in Sources */,
			);
			runOnlyForDeploymentPostprocessing = 0;
		};
/* End PBXSourcesBuildPhase section */

/* Begin PBXVariantGroup section */
		392576BC293645C20037563A /* LaunchScreen.storyboard */ = {
			isa = PBXVariantGroup;
			children = (
				392576BD293645C20037563A /* Base */,
			);
			name = LaunchScreen.storyboard;
			sourceTree = "<group>";
		};
/* End PBXVariantGroup section */

/* Begin XCBuildConfiguration section */
		392576C0293645C20037563A /* Debug */ = {
			isa = XCBuildConfiguration;
			buildSettings = {
				ALWAYS_SEARCH_USER_PATHS = NO;
				CLANG_ANALYZER_NONNULL = YES;
				CLANG_ANALYZER_NUMBER_OBJECT_CONVERSION = YES_AGGRESSIVE;
				CLANG_CXX_LANGUAGE_STANDARD = "gnu++20";
				CLANG_ENABLE_MODULES = YES;
				CLANG_ENABLE_OBJC_ARC = YES;
				CLANG_ENABLE_OBJC_WEAK = YES;
				CLANG_WARN_BLOCK_CAPTURE_AUTORELEASING = YES;
				CLANG_WARN_BOOL_CONVERSION = YES;
				CLANG_WARN_COMMA = YES;
				CLANG_WARN_CONSTANT_CONVERSION = YES;
				CLANG_WARN_DEPRECATED_OBJC_IMPLEMENTATIONS = YES;
				CLANG_WARN_DIRECT_OBJC_ISA_USAGE = YES_ERROR;
				CLANG_WARN_DOCUMENTATION_COMMENTS = YES;
				CLANG_WARN_EMPTY_BODY = YES;
				CLANG_WARN_ENUM_CONVERSION = YES;
				CLANG_WARN_INFINITE_RECURSION = YES;
				CLANG_WARN_INT_CONVERSION = YES;
				CLANG_WARN_NON_LITERAL_NULL_CONVERSION = YES;
				CLANG_WARN_OBJC_IMPLICIT_RETAIN_SELF = YES;
				CLANG_WARN_OBJC_LITERAL_CONVERSION = YES;
				CLANG_WARN_OBJC_ROOT_CLASS = YES_ERROR;
				CLANG_WARN_QUOTED_INCLUDE_IN_FRAMEWORK_HEADER = YES;
				CLANG_WARN_RANGE_LOOP_ANALYSIS = YES;
				CLANG_WARN_STRICT_PROTOTYPES = YES;
				CLANG_WARN_SUSPICIOUS_MOVE = YES;
				CLANG_WARN_UNGUARDED_AVAILABILITY = YES_AGGRESSIVE;
				CLANG_WARN_UNREACHABLE_CODE = YES;
				CLANG_WARN__DUPLICATE_METHOD_MATCH = YES;
				COPY_PHASE_STRIP = NO;
				DEBUG_INFORMATION_FORMAT = dwarf;
				ENABLE_STRICT_OBJC_MSGSEND = YES;
				ENABLE_TESTABILITY = YES;
				GCC_C_LANGUAGE_STANDARD = gnu11;
				GCC_DYNAMIC_NO_PIC = NO;
				GCC_NO_COMMON_BLOCKS = YES;
				GCC_OPTIMIZATION_LEVEL = 0;
				GCC_PREPROCESSOR_DEFINITIONS = (
					"DEBUG=1",
					"$(inherited)",
				);
				GCC_WARN_64_TO_32_BIT_CONVERSION = YES;
				GCC_WARN_ABOUT_RETURN_TYPE = YES_ERROR;
				GCC_WARN_UNDECLARED_SELECTOR = YES;
				GCC_WARN_UNINITIALIZED_AUTOS = YES_AGGRESSIVE;
				GCC_WARN_UNUSED_FUNCTION = YES;
				GCC_WARN_UNUSED_VARIABLE = YES;
				IPHONEOS_DEPLOYMENT_TARGET = 14.0;
				MTL_ENABLE_DEBUG_INFO = INCLUDE_SOURCE;
				MTL_FAST_MATH = YES;
				ONLY_ACTIVE_ARCH = YES;
				SDKROOT = iphoneos;
				SWIFT_ACTIVE_COMPILATION_CONDITIONS = DEBUG;
				SWIFT_OPTIMIZATION_LEVEL = "-Onone";
			};
			name = Debug;
		};
		392576C1293645C20037563A /* Release */ = {
			isa = XCBuildConfiguration;
			buildSettings = {
				ALWAYS_SEARCH_USER_PATHS = NO;
				CLANG_ANALYZER_NONNULL = YES;
				CLANG_ANALYZER_NUMBER_OBJECT_CONVERSION = YES_AGGRESSIVE;
				CLANG_CXX_LANGUAGE_STANDARD = "gnu++20";
				CLANG_ENABLE_MODULES = YES;
				CLANG_ENABLE_OBJC_ARC = YES;
				CLANG_ENABLE_OBJC_WEAK = YES;
				CLANG_WARN_BLOCK_CAPTURE_AUTORELEASING = YES;
				CLANG_WARN_BOOL_CONVERSION = YES;
				CLANG_WARN_COMMA = YES;
				CLANG_WARN_CONSTANT_CONVERSION = YES;
				CLANG_WARN_DEPRECATED_OBJC_IMPLEMENTATIONS = YES;
				CLANG_WARN_DIRECT_OBJC_ISA_USAGE = YES_ERROR;
				CLANG_WARN_DOCUMENTATION_COMMENTS = YES;
				CLANG_WARN_EMPTY_BODY = YES;
				CLANG_WARN_ENUM_CONVERSION = YES;
				CLANG_WARN_INFINITE_RECURSION = YES;
				CLANG_WARN_INT_CONVERSION = YES;
				CLANG_WARN_NON_LITERAL_NULL_CONVERSION = YES;
				CLANG_WARN_OBJC_IMPLICIT_RETAIN_SELF = YES;
				CLANG_WARN_OBJC_LITERAL_CONVERSION = YES;
				CLANG_WARN_OBJC_ROOT_CLASS = YES_ERROR;
				CLANG_WARN_QUOTED_INCLUDE_IN_FRAMEWORK_HEADER = YES;
				CLANG_WARN_RANGE_LOOP_ANALYSIS = YES;
				CLANG_WARN_STRICT_PROTOTYPES = YES;
				CLANG_WARN_SUSPICIOUS_MOVE = YES;
				CLANG_WARN_UNGUARDED_AVAILABILITY = YES_AGGRESSIVE;
				CLANG_WARN_UNREACHABLE_CODE = YES;
				CLANG_WARN__DUPLICATE_METHOD_MATCH = YES;
				COPY_PHASE_STRIP = NO;
				DEBUG_INFORMATION_FORMAT = "dwarf-with-dsym";
				ENABLE_NS_ASSERTIONS = NO;
				ENABLE_STRICT_OBJC_MSGSEND = YES;
				GCC_C_LANGUAGE_STANDARD = gnu11;
				GCC_NO_COMMON_BLOCKS = YES;
				GCC_WARN_64_TO_32_BIT_CONVERSION = YES;
				GCC_WARN_ABOUT_RETURN_TYPE = YES_ERROR;
				GCC_WARN_UNDECLARED_SELECTOR = YES;
				GCC_WARN_UNINITIALIZED_AUTOS = YES_AGGRESSIVE;
				GCC_WARN_UNUSED_FUNCTION = YES;
				GCC_WARN_UNUSED_VARIABLE = YES;
				IPHONEOS_DEPLOYMENT_TARGET = 14.0;
				MTL_ENABLE_DEBUG_INFO = NO;
				MTL_FAST_MATH = YES;
				SDKROOT = iphoneos;
				SWIFT_COMPILATION_MODE = wholemodule;
				SWIFT_OPTIMIZATION_LEVEL = "-O";
				VALIDATE_PRODUCT = YES;
			};
			name = Release;
		};
		392576C3293645C20037563A /* Debug */ = {
			isa = XCBuildConfiguration;
			buildSettings = {
				ASSETCATALOG_COMPILER_APPICON_NAME = AppIcon;
				ASSETCATALOG_COMPILER_GLOBAL_ACCENT_COLOR_NAME = AccentColor;
				CODE_SIGN_STYLE = Automatic;
				CURRENT_PROJECT_VERSION = 1;
				DEVELOPMENT_TEAM = HHHRYEM4G2;
				GENERATE_INFOPLIST_FILE = YES;
				INFOPLIST_FILE = SberBarChartTest/Info.plist;
				INFOPLIST_KEY_UIApplicationSupportsIndirectInputEvents = YES;
				INFOPLIST_KEY_UILaunchStoryboardName = LaunchScreen;
				INFOPLIST_KEY_UIMainStoryboardFile = "";
				INFOPLIST_KEY_UISupportedInterfaceOrientations_iPad = "UIInterfaceOrientationPortrait UIInterfaceOrientationPortraitUpsideDown UIInterfaceOrientationLandscapeLeft UIInterfaceOrientationLandscapeRight";
				INFOPLIST_KEY_UISupportedInterfaceOrientations_iPhone = "UIInterfaceOrientationPortrait UIInterfaceOrientationLandscapeLeft UIInterfaceOrientationLandscapeRight";
				IPHONEOS_DEPLOYMENT_TARGET = 14.0;
				LD_RUNPATH_SEARCH_PATHS = (
					"$(inherited)",
					"@executable_path/Frameworks",
				);
				MARKETING_VERSION = 1.0;
				PRODUCT_BUNDLE_IDENTIFIER = thegalkin.SberBarChartTest;
				PRODUCT_NAME = "$(TARGET_NAME)";
				SWIFT_EMIT_LOC_STRINGS = YES;
				SWIFT_VERSION = 5.0;
				TARGETED_DEVICE_FAMILY = "1,2";
			};
			name = Debug;
		};
		392576C4293645C20037563A /* Release */ = {
			isa = XCBuildConfiguration;
			buildSettings = {
				ASSETCATALOG_COMPILER_APPICON_NAME = AppIcon;
				ASSETCATALOG_COMPILER_GLOBAL_ACCENT_COLOR_NAME = AccentColor;
				CODE_SIGN_STYLE = Automatic;
				CURRENT_PROJECT_VERSION = 1;
				DEVELOPMENT_TEAM = HHHRYEM4G2;
				GENERATE_INFOPLIST_FILE = YES;
				INFOPLIST_FILE = SberBarChartTest/Info.plist;
				INFOPLIST_KEY_UIApplicationSupportsIndirectInputEvents = YES;
				INFOPLIST_KEY_UILaunchStoryboardName = LaunchScreen;
				INFOPLIST_KEY_UIMainStoryboardFile = "";
				INFOPLIST_KEY_UISupportedInterfaceOrientations_iPad = "UIInterfaceOrientationPortrait UIInterfaceOrientationPortraitUpsideDown UIInterfaceOrientationLandscapeLeft UIInterfaceOrientationLandscapeRight";
				INFOPLIST_KEY_UISupportedInterfaceOrientations_iPhone = "UIInterfaceOrientationPortrait UIInterfaceOrientationLandscapeLeft UIInterfaceOrientationLandscapeRight";
				IPHONEOS_DEPLOYMENT_TARGET = 14.0;
				LD_RUNPATH_SEARCH_PATHS = (
					"$(inherited)",
					"@executable_path/Frameworks",
				);
				MARKETING_VERSION = 1.0;
				PRODUCT_BUNDLE_IDENTIFIER = thegalkin.SberBarChartTest;
				PRODUCT_NAME = "$(TARGET_NAME)";
				SWIFT_EMIT_LOC_STRINGS = YES;
				SWIFT_VERSION = 5.0;
				TARGETED_DEVICE_FAMILY = "1,2";
			};
			name = Release;
		};
/* End XCBuildConfiguration section */

/* Begin XCConfigurationList section */
		392576A9293645BB0037563A /* Build configuration list for PBXProject "SberBarChartTest" */ = {
			isa = XCConfigurationList;
			buildConfigurations = (
				392576C0293645C20037563A /* Debug */,
				392576C1293645C20037563A /* Release */,
			);
			defaultConfigurationIsVisible = 0;
			defaultConfigurationName = Release;
		};
		392576C2293645C20037563A /* Build configuration list for PBXNativeTarget "SberBarChartTest" */ = {
			isa = XCConfigurationList;
			buildConfigurations = (
				392576C3293645C20037563A /* Debug */,
				392576C4293645C20037563A /* Release */,
			);
			defaultConfigurationIsVisible = 0;
			defaultConfigurationName = Release;
		};
/* End XCConfigurationList section */
	};
	rootObject = 392576A6293645BB0037563A /* Project object */;
}
